
Microsoft Visual Studio Solution File, Format Version 12.00
# Visual Studio 15
VisualStudioVersion = 15.0.33026.149
MinimumVisualStudioVersion = 10.0.40219.1
Project("{8BC9CEB8-8B4A-11D0-8D11-00A0C91BC942}") = "libfmodex", "libfmodex\libfmodex.vcxproj", "{A46AB1B7-488C-414C-ABED-DFC0C162C204}"
EndProject
Global
	GlobalSection(SolutionConfigurationPlatforms) = preSolution
		Debug|PSVita = Debug|PSVita
		Release|PSVita = Release|PSVita
	EndGlobalSection
	GlobalSection(ProjectConfigurationPlatforms) = postSolution
		{A46AB1B7-488C-414C-ABED-DFC0C162C204}.Debug|PSVita.ActiveCfg = Debug|PSVita
		{A46AB1B7-488C-414C-ABED-DFC0C162C204}.Debug|PSVita.Build.0 = Debug|PSVita
		{A46AB1B7-488C-414C-ABED-DFC0C162C204}.Release|PSVita.ActiveCfg = Release|PSVita
		{A46AB1B7-488C-414C-ABED-DFC0C162C204}.Release|PSVita.Build.0 = Release|PSVita
	EndGlobalSection
	GlobalSection(SolutionProperties) = preSolution
		HideSolutionNode = FALSE
	EndGlobalSection
	GlobalSection(ExtensibilityGlobals) = postSolution
		SolutionGuid = {44C763E3-7D0B-45DA-A7EB-C35621D10102}
	EndGlobalSection
EndGlobal
