
Microsoft Visual Studio Solution File, Format Version 12.00
# Visual Studio 15
VisualStudioVersion = 15.0.28307.1525
MinimumVisualStudioVersion = 10.0.40219.1
Project("{8BC9CEB8-8B4A-11D0-8D11-00A0C91BC942}") = "fmodInterface", "fmodInterface\fmodInterface.vcxproj", "{CA9E39C2-CB73-4859-B838-49D6285FB712}"
EndProject
Project("{8BC9CEB8-8B4A-11D0-8D11-00A0C91BC942}") = "fmodInterfaceTest", "fmodInterfaceTest\fmodInterfaceTest.vcxproj", "{A1973850-3C2B-4C0C-9BEB-D024462D6C82}"
	ProjectSection(ProjectDependencies) = postProject
		{CA9E39C2-CB73-4859-B838-49D6285FB712} = {CA9E39C2-CB73-4859-B838-49D6285FB712}
	EndProjectSection
EndProject
Global
	GlobalSection(SolutionConfigurationPlatforms) = preSolution
		Debug|PSVita = Debug|PSVita
		Release|PSVita = Release|PSVita
	EndGlobalSection
	GlobalSection(ProjectConfigurationPlatforms) = postSolution
		{CA9E39C2-CB73-4859-B838-49D6285FB712}.Debug|PSVita.ActiveCfg = Debug|PSVita
		{CA9E39C2-CB73-4859-B838-49D6285FB712}.Debug|PSVita.Build.0 = Debug|PSVita
		{CA9E39C2-CB73-4859-B838-49D6285FB712}.Release|PSVita.ActiveCfg = Release|PSVita
		{CA9E39C2-CB73-4859-B838-49D6285FB712}.Release|PSVita.Build.0 = Release|PSVita
		{A1973850-3C2B-4C0C-9BEB-D024462D6C82}.Debug|PSVita.ActiveCfg = Debug|PSVita
		{A1973850-3C2B-4C0C-9BEB-D024462D6C82}.Debug|PSVita.Build.0 = Debug|PSVita
		{A1973850-3C2B-4C0C-9BEB-D024462D6C82}.Release|PSVita.ActiveCfg = Release|PSVita
		{A1973850-3C2B-4C0C-9BEB-D024462D6C82}.Release|PSVita.Build.0 = Release|PSVita
	EndGlobalSection
	GlobalSection(SolutionProperties) = preSolution
		HideSolutionNode = FALSE
	EndGlobalSection
	GlobalSection(ExtensibilityGlobals) = postSolution
		SolutionGuid = {167F8FD2-5DBA-4BFB-A0A4-10EE03772114}
	EndGlobalSection
EndGlobal
